{
  "name": "what-could-possibly-go-wrong",
  "lockfileVersion": 2,
  "requires": true,
  "packages": {
    "": {
      "dependencies": {
        "config.js": "^0.1.0"
      }
    },
    "node_modules/callsite": {
      "version": "1.0.0",
      "resolved": "https://registry.npmjs.org/callsite/-/callsite-1.0.0.tgz",
      "integrity": "sha512-0vdNRFXn5q+dtOqjfFtmtlI9N2eVZ7LMyEV2iKC5mEEFvSg/69Ml6b/WU2qF8W1nLRa0wiSrDT3Y5jOHZCwKPQ==",
      "engines": {
        "node": "*"
      }
    },
    "node_modules/config.js": {
      "version": "0.1.0",
      "resolved": "https://registry.npmjs.org/config.js/-/config.js-0.1.0.tgz",
      "integrity": "sha512-fBceuKumxJp7VTmYGT37z0L5HS8ZF9liElYSLUlyHVbNE5MpE+wB5HVBuRTBCn1sON5kb8H2BRMDyPuMfg4kAg==",
      "dependencies": {
        "callsite": "latest"
      }
    }
  },
  "dependencies": {
    "callsite": {
      "version": "1.0.0",
      "resolved": "https://registry.npmjs.org/callsite/-/callsite-1.0.0.tgz",
      "integrity": "sha512-0vdNRFXn5q+dtOqjfFtmtlI9N2eVZ7LMyEV2iKC5mEEFvSg/69Ml6b/WU2qF8W1nLRa0wiSrDT3Y5jOHZCwKPQ=="
    },
    "config.js": {
      "version": "0.1.0",
      "resolved": "https://registry.npmjs.org/config.js/-/config.js-0.1.0.tgz",
      "integrity": "sha512-fBceuKumxJp7VTmYGT37z0L5HS8ZF9liElYSLUlyHVbNE5MpE+wB5HVBuRTBCn1sON5kb8H2BRMDyPuMfg4kAg==",
      "requires": {
        "callsite": "latest"
      }
    }
  }
}
